
Microsoft Visual Studio Solution File, Format Version 12.00
# Visual Studio Version 17
VisualStudioVersion = 17.8.34511.84
MinimumVisualStudioVersion = 10.0.40219.1
Project("{FAE04EC0-301F-11D3-BF4B-00C04F79EFBC}") = "ModeloMarketing", "ModeloMarketing\ModeloMarketing.csproj", "{846666FA-CF47-4594-8FAC-4699A16993FE}"
EndProject
Global
	GlobalSection(SolutionConfigurationPlatforms) = preSolution
		Debug|Any CPU = Debug|Any CPU
		Release|Any CPU = Release|Any CPU
	EndGlobalSection
	GlobalSection(ProjectConfigurationPlatforms) = postSolution
		{846666FA-CF47-4594-8FAC-4699A16993FE}.Debug|Any CPU.ActiveCfg = Debug|Any CPU
		{846666FA-CF47-4594-8FAC-4699A16993FE}.Debug|Any CPU.Build.0 = Debug|Any CPU
		{846666FA-CF47-4594-8FAC-4699A16993FE}.Release|Any CPU.ActiveCfg = Release|Any CPU
		{846666FA-CF47-4594-8FAC-4699A16993FE}.Release|Any CPU.Build.0 = Release|Any CPU
	EndGlobalSection
	GlobalSection(SolutionProperties) = preSolution
		HideSolutionNode = FALSE
	EndGlobalSection
	GlobalSection(ExtensibilityGlobals) = postSolution
		SolutionGuid = {21D5B223-EC60-4699-B8F3-047619B4132F}
	EndGlobalSection
EndGlobal
